
Microsoft Visual Studio Solution File, Format Version 12.00
# Visual Studio 15
VisualStudioVersion = 15.0.27130.2024
MinimumVisualStudioVersion = 10.0.40219.1
Project("{FAE04EC0-301F-11D3-BF4B-00C04F79EFBC}") = "AutomationDemo", "AutomationDemo\AutomationDemo.csproj", "{B6E1D1AC-39A4-4B3F-9038-649A7600869E}"
EndProject
Project("{FAE04EC0-301F-11D3-BF4B-00C04F79EFBC}") = "Extensions", "Extensions\Extensions.csproj", "{0AEF4271-18E8-4DD9-B5CD-74720F38A973}"
EndProject
Global
	GlobalSection(SolutionConfigurationPlatforms) = preSolution
		Debug|Any CPU = Debug|Any CPU
		Release|Any CPU = Release|Any CPU
	EndGlobalSection
	GlobalSection(ProjectConfigurationPlatforms) = postSolution
		{B6E1D1AC-39A4-4B3F-9038-649A7600869E}.Debug|Any CPU.ActiveCfg = Debug|Any CPU
		{B6E1D1AC-39A4-4B3F-9038-649A7600869E}.Debug|Any CPU.Build.0 = Debug|Any CPU
		{B6E1D1AC-39A4-4B3F-9038-649A7600869E}.Release|Any CPU.ActiveCfg = Release|Any CPU
		{B6E1D1AC-39A4-4B3F-9038-649A7600869E}.Release|Any CPU.Build.0 = Release|Any CPU
		{0AEF4271-18E8-4DD9-B5CD-74720F38A973}.Debug|Any CPU.ActiveCfg = Debug|Any CPU
		{0AEF4271-18E8-4DD9-B5CD-74720F38A973}.Debug|Any CPU.Build.0 = Debug|Any CPU
		{0AEF4271-18E8-4DD9-B5CD-74720F38A973}.Release|Any CPU.ActiveCfg = Release|Any CPU
		{0AEF4271-18E8-4DD9-B5CD-74720F38A973}.Release|Any CPU.Build.0 = Release|Any CPU
	EndGlobalSection
	GlobalSection(SolutionProperties) = preSolution
		HideSolutionNode = FALSE
	EndGlobalSection
	GlobalSection(ExtensibilityGlobals) = postSolution
		SolutionGuid = {7967360C-C17D-4C70-A1AD-BB3B72ACC45A}
	EndGlobalSection
EndGlobal
